
Microsoft Visual Studio Solution File, Format Version 12.00
# Visual Studio Version 17
VisualStudioVersion = 17.9.34728.123
MinimumVisualStudioVersion = 10.0.40219.1
Project("{FAE04EC0-301F-11D3-BF4B-00C04F79EFBC}") = "Algorithms", "Algorithms.csproj", "{28A3B219-C563-4FF1-BD74-44768E990798}"
EndProject
Global
	GlobalSection(SolutionConfigurationPlatforms) = preSolution
		Debug|Any CPU = Debug|Any CPU
		Release|Any CPU = Release|Any CPU
	EndGlobalSection
	GlobalSection(ProjectConfigurationPlatforms) = postSolution
		{28A3B219-C563-4FF1-BD74-44768E990798}.Debug|Any CPU.ActiveCfg = Debug|Any CPU
		{28A3B219-C563-4FF1-BD74-44768E990798}.Debug|Any CPU.Build.0 = Debug|Any CPU
		{28A3B219-C563-4FF1-BD74-44768E990798}.Release|Any CPU.ActiveCfg = Release|Any CPU
		{28A3B219-C563-4FF1-BD74-44768E990798}.Release|Any CPU.Build.0 = Release|Any CPU
	EndGlobalSection
	GlobalSection(SolutionProperties) = preSolution
		HideSolutionNode = FALSE
	EndGlobalSection
	GlobalSection(ExtensibilityGlobals) = postSolution
		SolutionGuid = {CDD68FC4-F975-43B2-9BA3-1E370EA616CF}
	EndGlobalSection
EndGlobal
